
Microsoft Visual Studio Solution File, Format Version 12.00
# Visual Studio Version 16
VisualStudioVersion = 16.0.31729.503
MinimumVisualStudioVersion = 10.0.40219.1
Project("{FAE04EC0-301F-11D3-BF4B-00C04F79EFBC}") = "LinkedlistUC2", "LinkedlistUC2.csproj", "{0ED6C9D8-9BE5-48AF-9EA7-C694C7F04B55}"
EndProject
Global
	GlobalSection(SolutionConfigurationPlatforms) = preSolution
		Debug|Any CPU = Debug|Any CPU
		Release|Any CPU = Release|Any CPU
	EndGlobalSection
	GlobalSection(ProjectConfigurationPlatforms) = postSolution
		{0ED6C9D8-9BE5-48AF-9EA7-C694C7F04B55}.Debug|Any CPU.ActiveCfg = Debug|Any CPU
		{0ED6C9D8-9BE5-48AF-9EA7-C694C7F04B55}.Debug|Any CPU.Build.0 = Debug|Any CPU
		{0ED6C9D8-9BE5-48AF-9EA7-C694C7F04B55}.Release|Any CPU.ActiveCfg = Release|Any CPU
		{0ED6C9D8-9BE5-48AF-9EA7-C694C7F04B55}.Release|Any CPU.Build.0 = Release|Any CPU
	EndGlobalSection
	GlobalSection(SolutionProperties) = preSolution
		HideSolutionNode = FALSE
	EndGlobalSection
	GlobalSection(ExtensibilityGlobals) = postSolution
		SolutionGuid = {A7F3B2D4-472F-4B26-8429-1A08CCB07C41}
	EndGlobalSection
EndGlobal
